// !$*UTF8*$!
{
	archiveVersion = 1;
	classes = {
	};
	objectVersion = 77;
	objects = {

/* Begin PBXBuildFile section */
		2FB5C13930598D1400B773F7 /* AppDelegate.swift in Sources */ = {isa = PBXBuildFile; fileRef = 2FB5C13830598D1400B773F7 /* AppDelegate.swift */; };
		2FB5C13B30598D1400B773F7 /* SceneDelegate.swift in Sources */ = {isa = PBXBuildFile; fileRef = 2FB5C13A30598D1400B773F7 /* SceneDelegate.swift */; };
		2FB5C13E30598D1400B773F7 /* LaunchScreen.storyboard in Resources */ = {isa = PBXBuildFile; fileRef = 2FB5C13C30598D1400B773F7 /* LaunchScreen.storyboard */; };
		2FB5C14130598D1400B773F7 /* Main.storyboard in Resources */ = {isa = PBXBuildFile; fileRef = 2FB5C13F30598D1400B773F7 /* Main.storyboard */; };
		2FB5C14A30598D1400B773F7 /* AppDelegate.swift in Sources */ = {isa = PBXBuildFile; fileRef = 2FB5C14930598D1400B773F7 /* AppDelegate.swift */; };
		2FB5C14D30598D1400B773F7 /* Main.storyboard in Resources */ = {isa = PBXBuildFile; fileRef = 2FB5C14B30598D1400B773F7 /* Main.storyboard */; };
		2FB5C15430598D1400B773F7 /* Pepper Recipe Importer Extension.appex in Embed Foundation Extensions */ = {isa = PBXBuildFile; fileRef = 2FB5C15330598D1400B773F7 /* Pepper Recipe Importer Extension.appex */; settings = {ATTRIBUTES = (RemoveHeadersOnCopy, ); }; };
		2FB5C15E30598D1400B773F7 /* Pepper Recipe Importer Extension.appex in Embed Foundation Extensions */ = {isa = PBXBuildFile; fileRef = 2FB5C15D30598D1400B773F7 /* Pepper Recipe Importer Extension.appex */; settings = {ATTRIBUTES = (RemoveHeadersOnCopy, ); }; };
		2FB5C16330598D1400B773F7 /* Main.html in Resources */ = {isa = PBXBuildFile; fileRef = 2FB5C12830598D1300B773F7 /* Main.html */; };
		2FB5C16430598D1400B773F7 /* Main.html in Resources */ = {isa = PBXBuildFile; fileRef = 2FB5C12830598D1300B773F7 /* Main.html */; };
		2FB5C16530598D1400B773F7 /* Icon.png in Resources */ = {isa = PBXBuildFile; fileRef = 2FB5C12A30598D1300B773F7 /* Icon.png */; };
		2FB5C16630598D1400B773F7 /* Icon.png in Resources */ = {isa = PBXBuildFile; fileRef = 2FB5C12A30598D1300B773F7 /* Icon.png */; };
		2FB5C16730598D1400B773F7 /* Style.css in Resources */ = {isa = PBXBuildFile; fileRef = 2FB5C12B30598D1300B773F7 /* Style.css */; };
		2FB5C16830598D1400B773F7 /* Style.css in Resources */ = {isa = PBXBuildFile; fileRef = 2FB5C12B30598D1300B773F7 /* Style.css */; };
		2FB5C16930598D1400B773F7 /* Script.js in Resources */ = {isa = PBXBuildFile; fileRef = 2FB5C12C30598D1300B773F7 /* Script.js */; };
		2FB5C16A30598D1400B773F7 /* Script.js in Resources */ = {isa = PBXBuildFile; fileRef = 2FB5C12C30598D1300B773F7 /* Script.js */; };
		2FB5C16B30598D1400B773F7 /* ViewController.swift in Sources */ = {isa = PBXBuildFile; fileRef = 2FB5C12D30598D1300B773F7 /* ViewController.swift */; };
		2FB5C16C30598D1400B773F7 /* ViewController.swift in Sources */ = {isa = PBXBuildFile; fileRef = 2FB5C12D30598D1300B773F7 /* ViewController.swift */; };
		2FB5C16D30598D1400B773F7 /* Assets.xcassets in Resources */ = {isa = PBXBuildFile; fileRef = 2FB5C12E30598D1400B773F7 /* Assets.xcassets */; };
		2FB5C16E30598D1400B773F7 /* Assets.xcassets in Resources */ = {isa = PBXBuildFile; fileRef = 2FB5C12E30598D1400B773F7 /* Assets.xcassets */; };
		2FB5C16F30598D1400B773F7 /* SafariWebExtensionHandler.swift in Sources */ = {isa = PBXBuildFile; fileRef = 2FB5C13030598D1400B773F7 /* SafariWebExtensionHandler.swift */; };
		2FB5C17030598D1400B773F7 /* SafariWebExtensionHandler.swift in Sources */ = {isa = PBXBuildFile; fileRef = 2FB5C13030598D1400B773F7 /* SafariWebExtensionHandler.swift */; };
		2FB5C18730598D1500B773F7 /* service-worker-loader.js in Resources */ = {isa = PBXBuildFile; fileRef = 2FB5C18230598D1500B773F7 /* service-worker-loader.js */; };
		2FB5C18830598D1500B773F7 /* icons in Resources */ = {isa = PBXBuildFile; fileRef = 2FB5C18330598D1500B773F7 /* icons */; };
		2FB5C18930598D1500B773F7 /* manifest.json in Resources */ = {isa = PBXBuildFile; fileRef = 2FB5C18430598D1500B773F7 /* manifest.json */; };
		2FB5C18A30598D1500B773F7 /* assets in Resources */ = {isa = PBXBuildFile; fileRef = 2FB5C18530598D1500B773F7 /* assets */; };
		2FB5C18B30598D1500B773F7 /* src in Resources */ = {isa = PBXBuildFile; fileRef = 2FB5C18630598D1500B773F7 /* src */; };
		2FB5C18C30598D1500B773F7 /* service-worker-loader.js in Resources */ = {isa = PBXBuildFile; fileRef = 2FB5C18230598D1500B773F7 /* service-worker-loader.js */; };
		2FB5C18D30598D1500B773F7 /* icons in Resources */ = {isa = PBXBuildFile; fileRef = 2FB5C18330598D1500B773F7 /* icons */; };
		2FB5C18E30598D1500B773F7 /* manifest.json in Resources */ = {isa = PBXBuildFile; fileRef = 2FB5C18430598D1500B773F7 /* manifest.json */; };
		2FB5C18F30598D1500B773F7 /* assets in Resources */ = {isa = PBXBuildFile; fileRef = 2FB5C18530598D1500B773F7 /* assets */; };
		2FB5C19030598D1500B773F7 /* src in Resources */ = {isa = PBXBuildFile; fileRef = 2FB5C18630598D1500B773F7 /* src */; };
/* End PBXBuildFile section */

/* Begin PBXContainerItemProxy section */
		2FB5C15530598D1400B773F7 /* PBXContainerItemProxy */ = {
			isa = PBXContainerItemProxy;
			containerPortal = 2FB5C12230598D1300B773F7 /* Project object */;
			proxyType = 1;
			remoteGlobalIDString = 2FB5C15230598D1400B773F7;
			remoteInfo = "Pepper Recipe Importer Extension (iOS)";
		};
		2FB5C15F30598D1400B773F7 /* PBXContainerItemProxy */ = {
			isa = PBXContainerItemProxy;
			containerPortal = 2FB5C12230598D1300B773F7 /* Project object */;
			proxyType = 1;
			remoteGlobalIDString = 2FB5C15C30598D1400B773F7;
			remoteInfo = "Pepper Recipe Importer Extension (macOS)";
		};
/* End PBXContainerItemProxy section */

/* Begin PBXCopyFilesBuildPhase section */
		2FB5C17630598D1400B773F7 /* Embed Foundation Extensions */ = {
			isa = PBXCopyFilesBuildPhase;
			buildActionMask = 2147483647;
			dstPath = "";
			dstSubfolderSpec = 13;
			files = (
				2FB5C15430598D1400B773F7 /* Pepper Recipe Importer Extension.appex in Embed Foundation Extensions */,
			);
			name = "Embed Foundation Extensions";
			runOnlyForDeploymentPostprocessing = 0;
		};
		2FB5C17D30598D1400B773F7 /* Embed Foundation Extensions */ = {
			isa = PBXCopyFilesBuildPhase;
			buildActionMask = 2147483647;
			dstPath = "";
			dstSubfolderSpec = 13;
			files = (
				2FB5C15E30598D1400B773F7 /* Pepper Recipe Importer Extension.appex in Embed Foundation Extensions */,
			);
			name = "Embed Foundation Extensions";
			runOnlyForDeploymentPostprocessing = 0;
		};
/* End PBXCopyFilesBuildPhase section */

/* Begin PBXFileReference section */
		2FB5C12930598D1300B773F7 /* Base */ = {isa = PBXFileReference; lastKnownFileType = text.html; name = Base; path = Base.lproj/Main.html; sourceTree = "<group>"; };
		2FB5C12A30598D1300B773F7 /* Icon.png */ = {isa = PBXFileReference; lastKnownFileType = image.png; path = Icon.png; sourceTree = "<group>"; };
		2FB5C12B30598D1300B773F7 /* Style.css */ = {isa = PBXFileReference; lastKnownFileType = text.css; path = Style.css; sourceTree = "<group>"; };
		2FB5C12C30598D1300B773F7 /* Script.js */ = {isa = PBXFileReference; lastKnownFileType = sourcecode.javascript; path = Script.js; sourceTree = "<group>"; };
		2FB5C12D30598D1300B773F7 /* ViewController.swift */ = {isa = PBXFileReference; lastKnownFileType = sourcecode.swift; path = ViewController.swift; sourceTree = "<group>"; };
		2FB5C12E30598D1400B773F7 /* Assets.xcassets */ = {isa = PBXFileReference; lastKnownFileType = folder.assetcatalog; path = Assets.xcassets; sourceTree = "<group>"; };
		2FB5C13030598D1400B773F7 /* SafariWebExtensionHandler.swift */ = {isa = PBXFileReference; lastKnownFileType = sourcecode.swift; path = SafariWebExtensionHandler.swift; sourceTree = "<group>"; };
		2FB5C13530598D1400B773F7 /* Pepper Recipe Importer.app */ = {isa = PBXFileReference; explicitFileType = wrapper.application; includeInIndex = 0; path = "Pepper Recipe Importer.app"; sourceTree = BUILT_PRODUCTS_DIR; };
		2FB5C13830598D1400B773F7 /* AppDelegate.swift */ = {isa = PBXFileReference; lastKnownFileType = sourcecode.swift; path = AppDelegate.swift; sourceTree = "<group>"; };
		2FB5C13A30598D1400B773F7 /* SceneDelegate.swift */ = {isa = PBXFileReference; lastKnownFileType = sourcecode.swift; path = SceneDelegate.swift; sourceTree = "<group>"; };
		2FB5C13D30598D1400B773F7 /* Base */ = {isa = PBXFileReference; lastKnownFileType = file.storyboard; name = Base; path = Base.lproj/LaunchScreen.storyboard; sourceTree = "<group>"; };
		2FB5C14030598D1400B773F7 /* Base */ = {isa = PBXFileReference; lastKnownFileType = file.storyboard; name = Base; path = Base.lproj/Main.storyboard; sourceTree = "<group>"; };
		2FB5C14230598D1400B773F7 /* Info.plist */ = {isa = PBXFileReference; lastKnownFileType = text.plist.xml; path = Info.plist; sourceTree = "<group>"; };
		2FB5C14730598D1400B773F7 /* Pepper Recipe Importer.app */ = {isa = PBXFileReference; explicitFileType = wrapper.application; includeInIndex = 0; path = "Pepper Recipe Importer.app"; sourceTree = BUILT_PRODUCTS_DIR; };
		2FB5C14930598D1400B773F7 /* AppDelegate.swift */ = {isa = PBXFileReference; lastKnownFileType = sourcecode.swift; path = AppDelegate.swift; sourceTree = "<group>"; };
		2FB5C14C30598D1400B773F7 /* Base */ = {isa = PBXFileReference; lastKnownFileType = file.storyboard; name = Base; path = Base.lproj/Main.storyboard; sourceTree = "<group>"; };
		2FB5C14E30598D1400B773F7 /* Info.plist */ = {isa = PBXFileReference; lastKnownFileType = text.plist.xml; path = Info.plist; sourceTree = "<group>"; };
		2FB5C15330598D1400B773F7 /* Pepper Recipe Importer Extension.appex */ = {isa = PBXFileReference; explicitFileType = "wrapper.app-extension"; includeInIndex = 0; path = "Pepper Recipe Importer Extension.appex"; sourceTree = BUILT_PRODUCTS_DIR; };
		2FB5C15830598D1400B773F7 /* Info.plist */ = {isa = PBXFileReference; lastKnownFileType = text.plist.xml; path = Info.plist; sourceTree = "<group>"; };
		2FB5C15D30598D1400B773F7 /* Pepper Recipe Importer Extension.appex */ = {isa = PBXFileReference; explicitFileType = "wrapper.app-extension"; includeInIndex = 0; path = "Pepper Recipe Importer Extension.appex"; sourceTree = BUILT_PRODUCTS_DIR; };
		2FB5C16230598D1400B773F7 /* Info.plist */ = {isa = PBXFileReference; lastKnownFileType = text.plist.xml; path = Info.plist; sourceTree = "<group>"; };
		2FB5C18230598D1500B773F7 /* service-worker-loader.js */ = {isa = PBXFileReference; lastKnownFileType = sourcecode.javascript; name = "service-worker-loader.js"; path = "Resources/service-worker-loader.js"; sourceTree = "<group>"; };
		2FB5C18330598D1500B773F7 /* icons */ = {isa = PBXFileReference; lastKnownFileType = folder; name = icons; path = Resources/icons; sourceTree = "<group>"; };
		2FB5C18430598D1500B773F7 /* manifest.json */ = {isa = PBXFileReference; lastKnownFileType = text.json; name = manifest.json; path = Resources/manifest.json; sourceTree = "<group>"; };
		2FB5C18530598D1500B773F7 /* assets */ = {isa = PBXFileReference; lastKnownFileType = folder; name = assets; path = Resources/assets; sourceTree = "<group>"; };
		2FB5C18630598D1500B773F7 /* src */ = {isa = PBXFileReference; lastKnownFileType = folder; name = src; path = Resources/src; sourceTree = "<group>"; };
/* End PBXFileReference section */

/* Begin PBXFrameworksBuildPhase section */
		2FB5C13230598D1400B773F7 /* Frameworks */ = {
			isa = PBXFrameworksBuildPhase;
			buildActionMask = 2147483647;
			files = (
			);
			runOnlyForDeploymentPostprocessing = 0;
		};
		2FB5C14430598D1400B773F7 /* Frameworks */ = {
			isa = PBXFrameworksBuildPhase;
			buildActionMask = 2147483647;
			files = (
			);
			runOnlyForDeploymentPostprocessing = 0;
		};
		2FB5C15030598D1400B773F7 /* Frameworks */ = {
			isa = PBXFrameworksBuildPhase;
			buildActionMask = 2147483647;
			files = (
			);
			runOnlyForDeploymentPostprocessing = 0;
		};
		2FB5C15A30598D1400B773F7 /* Frameworks */ = {
			isa = PBXFrameworksBuildPhase;
			buildActionMask = 2147483647;
			files = (
			);
			runOnlyForDeploymentPostprocessing = 0;
		};
/* End PBXFrameworksBuildPhase section */

/* Begin PBXGroup section */
		2FB5C12130598D1300B773F7 = {
			isa = PBXGroup;
			children = (
				2FB5C12630598D1300B773F7 /* Shared (App) */,
				2FB5C12F30598D1400B773F7 /* Shared (Extension) */,
				2FB5C13730598D1400B773F7 /* iOS (App) */,
				2FB5C14830598D1400B773F7 /* macOS (App) */,
				2FB5C15730598D1400B773F7 /* iOS (Extension) */,
				2FB5C16130598D1400B773F7 /* macOS (Extension) */,
				2FB5C13630598D1400B773F7 /* Products */,
			);
			sourceTree = "<group>";
		};
		2FB5C12630598D1300B773F7 /* Shared (App) */ = {
			isa = PBXGroup;
			children = (
				2FB5C12D30598D1300B773F7 /* ViewController.swift */,
				2FB5C12E30598D1400B773F7 /* Assets.xcassets */,
				2FB5C12730598D1300B773F7 /* Resources */,
			);
			path = "Shared (App)";
			sourceTree = "<group>";
		};
		2FB5C12730598D1300B773F7 /* Resources */ = {
			isa = PBXGroup;
			children = (
				2FB5C12830598D1300B773F7 /* Main.html */,
				2FB5C12A30598D1300B773F7 /* Icon.png */,
				2FB5C12B30598D1300B773F7 /* Style.css */,
				2FB5C12C30598D1300B773F7 /* Script.js */,
			);
			path = Resources;
			sourceTree = "<group>";
		};
		2FB5C12F30598D1400B773F7 /* Shared (Extension) */ = {
			isa = PBXGroup;
			children = (
				2FB5C18130598D1500B773F7 /* Resources */,
				2FB5C13030598D1400B773F7 /* SafariWebExtensionHandler.swift */,
			);
			path = "Shared (Extension)";
			sourceTree = "<group>";
		};
		2FB5C13630598D1400B773F7 /* Products */ = {
			isa = PBXGroup;
			children = (
				2FB5C13530598D1400B773F7 /* Pepper Recipe Importer.app */,
				2FB5C14730598D1400B773F7 /* Pepper Recipe Importer.app */,
				2FB5C15330598D1400B773F7 /* Pepper Recipe Importer Extension.appex */,
				2FB5C15D30598D1400B773F7 /* Pepper Recipe Importer Extension.appex */,
			);
			name = Products;
			sourceTree = "<group>";
		};
		2FB5C13730598D1400B773F7 /* iOS (App) */ = {
			isa = PBXGroup;
			children = (
				2FB5C13830598D1400B773F7 /* AppDelegate.swift */,
				2FB5C13A30598D1400B773F7 /* SceneDelegate.swift */,
				2FB5C13C30598D1400B773F7 /* LaunchScreen.storyboard */,
				2FB5C13F30598D1400B773F7 /* Main.storyboard */,
				2FB5C14230598D1400B773F7 /* Info.plist */,
			);
			path = "iOS (App)";
			sourceTree = "<group>";
		};
		2FB5C14830598D1400B773F7 /* macOS (App) */ = {
			isa = PBXGroup;
			children = (
				2FB5C14930598D1400B773F7 /* AppDelegate.swift */,
				2FB5C14B30598D1400B773F7 /* Main.storyboard */,
				2FB5C14E30598D1400B773F7 /* Info.plist */,
			);
			path = "macOS (App)";
			sourceTree = "<group>";
		};
		2FB5C15730598D1400B773F7 /* iOS (Extension) */ = {
			isa = PBXGroup;
			children = (
				2FB5C15830598D1400B773F7 /* Info.plist */,
			);
			path = "iOS (Extension)";
			sourceTree = "<group>";
		};
		2FB5C16130598D1400B773F7 /* macOS (Extension) */ = {
			isa = PBXGroup;
			children = (
				2FB5C16230598D1400B773F7 /* Info.plist */,
			);
			path = "macOS (Extension)";
			sourceTree = "<group>";
		};
		2FB5C18130598D1500B773F7 /* Resources */ = {
			isa = PBXGroup;
			children = (
				2FB5C18230598D1500B773F7 /* service-worker-loader.js */,
				2FB5C18330598D1500B773F7 /* icons */,
				2FB5C18430598D1500B773F7 /* manifest.json */,
				2FB5C18530598D1500B773F7 /* assets */,
				2FB5C18630598D1500B773F7 /* src */,
			);
			name = Resources;
			path = "Shared (Extension)";
			sourceTree = SOURCE_ROOT;
		};
/* End PBXGroup section */

/* Begin PBXNativeTarget section */
		2FB5C13430598D1400B773F7 /* Pepper Recipe Importer (iOS) */ = {
			isa = PBXNativeTarget;
			buildConfigurationList = 2FB5C17730598D1400B773F7 /* Build configuration list for PBXNativeTarget "Pepper Recipe Importer (iOS)" */;
			buildPhases = (
				2FB5C13130598D1400B773F7 /* Sources */,
				2FB5C13230598D1400B773F7 /* Frameworks */,
				2FB5C13330598D1400B773F7 /* Resources */,
				2FB5C17630598D1400B773F7 /* Embed Foundation Extensions */,
			);
			buildRules = (
			);
			dependencies = (
				2FB5C15630598D1400B773F7 /* PBXTargetDependency */,
			);
			name = "Pepper Recipe Importer (iOS)";
			packageProductDependencies = (
			);
			productName = "Pepper Recipe Importer (iOS)";
			productReference = 2FB5C13530598D1400B773F7 /* Pepper Recipe Importer.app */;
			productType = "com.apple.product-type.application";
		};
		2FB5C14630598D1400B773F7 /* Pepper Recipe Importer (macOS) */ = {
			isa = PBXNativeTarget;
			buildConfigurationList = 2FB5C17E30598D1400B773F7 /* Build configuration list for PBXNativeTarget "Pepper Recipe Importer (macOS)" */;
			buildPhases = (
				2FB5C14330598D1400B773F7 /* Sources */,
				2FB5C14430598D1400B773F7 /* Frameworks */,
				2FB5C14530598D1400B773F7 /* Resources */,
				2FB5C17D30598D1400B773F7 /* Embed Foundation Extensions */,
			);
			buildRules = (
			);
			dependencies = (
				2FB5C16030598D1400B773F7 /* PBXTargetDependency */,
			);
			name = "Pepper Recipe Importer (macOS)";
			packageProductDependencies = (
			);
			productName = "Pepper Recipe Importer (macOS)";
			productReference = 2FB5C14730598D1400B773F7 /* Pepper Recipe Importer.app */;
			productType = "com.apple.product-type.application";
		};
		2FB5C15230598D1400B773F7 /* Pepper Recipe Importer Extension (iOS) */ = {
			isa = PBXNativeTarget;
			buildConfigurationList = 2FB5C17330598D1400B773F7 /* Build configuration list for PBXNativeTarget "Pepper Recipe Importer Extension (iOS)" */;
			buildPhases = (
				2FB5C14F30598D1400B773F7 /* Sources */,
				2FB5C15030598D1400B773F7 /* Frameworks */,
				2FB5C15130598D1400B773F7 /* Resources */,
			);
			buildRules = (
			);
			dependencies = (
			);
			name = "Pepper Recipe Importer Extension (iOS)";
			packageProductDependencies = (
			);
			productName = "Pepper Recipe Importer Extension (iOS)";
			productReference = 2FB5C15330598D1400B773F7 /* Pepper Recipe Importer Extension.appex */;
			productType = "com.apple.product-type.app-extension";
		};
		2FB5C15C30598D1400B773F7 /* Pepper Recipe Importer Extension (macOS) */ = {
			isa = PBXNativeTarget;
			buildConfigurationList = 2FB5C17A30598D1400B773F7 /* Build configuration list for PBXNativeTarget "Pepper Recipe Importer Extension (macOS)" */;
			buildPhases = (
				2FB5C15930598D1400B773F7 /* Sources */,
				2FB5C15A30598D1400B773F7 /* Frameworks */,
				2FB5C15B30598D1400B773F7 /* Resources */,
			);
			buildRules = (
			);
			dependencies = (
			);
			name = "Pepper Recipe Importer Extension (macOS)";
			packageProductDependencies = (
			);
			productName = "Pepper Recipe Importer Extension (macOS)";
			productReference = 2FB5C15D30598D1400B773F7 /* Pepper Recipe Importer Extension.appex */;
			productType = "com.apple.product-type.app-extension";
		};
/* End PBXNativeTarget section */

/* Begin PBXProject section */
		2FB5C12230598D1300B773F7 /* Project object */ = {
			isa = PBXProject;
			attributes = {
				BuildIndependentTargetsInParallel = 1;
				LastSwiftUpdateCheck = 2660;
				LastUpgradeCheck = 2660;
				TargetAttributes = {
					2FB5C13430598D1400B773F7 = {
						CreatedOnToolsVersion = 26.6;
					};
					2FB5C14630598D1400B773F7 = {
						CreatedOnToolsVersion = 26.6;
					};
					2FB5C15230598D1400B773F7 = {
						CreatedOnToolsVersion = 26.6;
					};
					2FB5C15C30598D1400B773F7 = {
						CreatedOnToolsVersion = 26.6;
					};
				};
			};
			buildConfigurationList = 2FB5C12530598D1300B773F7 /* Build configuration list for PBXProject "Pepper Recipe Importer" */;
			developmentRegion = en;
			hasScannedForEncodings = 0;
			knownRegions = (
				en,
				Base,
			);
			mainGroup = 2FB5C12130598D1300B773F7;
			minimizedProjectReferenceProxies = 1;
			preferredProjectObjectVersion = 77;
			productRefGroup = 2FB5C13630598D1400B773F7 /* Products */;
			projectDirPath = "";
			projectRoot = "";
			targets = (
				2FB5C13430598D1400B773F7 /* Pepper Recipe Importer (iOS) */,
				2FB5C14630598D1400B773F7 /* Pepper Recipe Importer (macOS) */,
				2FB5C15230598D1400B773F7 /* Pepper Recipe Importer Extension (iOS) */,
				2FB5C15C30598D1400B773F7 /* Pepper Recipe Importer Extension (macOS) */,
			);
		};
/* End PBXProject section */

/* Begin PBXResourcesBuildPhase section */
		2FB5C13330598D1400B773F7 /* Resources */ = {
			isa = PBXResourcesBuildPhase;
			buildActionMask = 2147483647;
			files = (
				2FB5C16530598D1400B773F7 /* Icon.png in Resources */,
				2FB5C13E30598D1400B773F7 /* LaunchScreen.storyboard in Resources */,
				2FB5C16330598D1400B773F7 /* Main.html in Resources */,
				2FB5C16930598D1400B773F7 /* Script.js in Resources */,
				2FB5C16D30598D1400B773F7 /* Assets.xcassets in Resources */,
				2FB5C14130598D1400B773F7 /* Main.storyboard in Resources */,
				2FB5C16730598D1400B773F7 /* Style.css in Resources */,
			);
			runOnlyForDeploymentPostprocessing = 0;
		};
		2FB5C14530598D1400B773F7 /* Resources */ = {
			isa = PBXResourcesBuildPhase;
			buildActionMask = 2147483647;
			files = (
				2FB5C16630598D1400B773F7 /* Icon.png in Resources */,
				2FB5C16830598D1400B773F7 /* Style.css in Resources */,
				2FB5C14D30598D1400B773F7 /* Main.storyboard in Resources */,
				2FB5C16A30598D1400B773F7 /* Script.js in Resources */,
				2FB5C16E30598D1400B773F7 /* Assets.xcassets in Resources */,
				2FB5C16430598D1400B773F7 /* Main.html in Resources */,
			);
			runOnlyForDeploymentPostprocessing = 0;
		};
		2FB5C15130598D1400B773F7 /* Resources */ = {
			isa = PBXResourcesBuildPhase;
			buildActionMask = 2147483647;
			files = (
				2FB5C18C30598D1500B773F7 /* service-worker-loader.js in Resources */,
				2FB5C18F30598D1500B773F7 /* assets in Resources */,
				2FB5C18E30598D1500B773F7 /* manifest.json in Resources */,
				2FB5C18D30598D1500B773F7 /* icons in Resources */,
				2FB5C19030598D1500B773F7 /* src in Resources */,
			);
			runOnlyForDeploymentPostprocessing = 0;
		};
		2FB5C15B30598D1400B773F7 /* Resources */ = {
			isa = PBXResourcesBuildPhase;
			buildActionMask = 2147483647;
			files = (
				2FB5C18730598D1500B773F7 /* service-worker-loader.js in Resources */,
				2FB5C18A30598D1500B773F7 /* assets in Resources */,
				2FB5C18930598D1500B773F7 /* manifest.json in Resources */,
				2FB5C18830598D1500B773F7 /* icons in Resources */,
				2FB5C18B30598D1500B773F7 /* src in Resources */,
			);
			runOnlyForDeploymentPostprocessing = 0;
		};
/* End PBXResourcesBuildPhase section */

/* Begin PBXSourcesBuildPhase section */
		2FB5C13130598D1400B773F7 /* Sources */ = {
			isa = PBXSourcesBuildPhase;
			buildActionMask = 2147483647;
			files = (
				2FB5C16B30598D1400B773F7 /* ViewController.swift in Sources */,
				2FB5C13930598D1400B773F7 /* AppDelegate.swift in Sources */,
				2FB5C13B30598D1400B773F7 /* SceneDelegate.swift in Sources */,
			);
			runOnlyForDeploymentPostprocessing = 0;
		};
		2FB5C14330598D1400B773F7 /* Sources */ = {
			isa = PBXSourcesBuildPhase;
			buildActionMask = 2147483647;
			files = (
				2FB5C16C30598D1400B773F7 /* ViewController.swift in Sources */,
				2FB5C14A30598D1400B773F7 /* AppDelegate.swift in Sources */,
			);
			runOnlyForDeploymentPostprocessing = 0;
		};
		2FB5C14F30598D1400B773F7 /* Sources */ = {
			isa = PBXSourcesBuildPhase;
			buildActionMask = 2147483647;
			files = (
				2FB5C16F30598D1400B773F7 /* SafariWebExtensionHandler.swift in Sources */,
			);
			runOnlyForDeploymentPostprocessing = 0;
		};
		2FB5C15930598D1400B773F7 /* Sources */ = {
			isa = PBXSourcesBuildPhase;
			buildActionMask = 2147483647;
			files = (
				2FB5C17030598D1400B773F7 /* SafariWebExtensionHandler.swift in Sources */,
			);
			runOnlyForDeploymentPostprocessing = 0;
		};
/* End PBXSourcesBuildPhase section */

/* Begin PBXTargetDependency section */
		2FB5C15630598D1400B773F7 /* PBXTargetDependency */ = {
			isa = PBXTargetDependency;
			target = 2FB5C15230598D1400B773F7 /* Pepper Recipe Importer Extension (iOS) */;
			targetProxy = 2FB5C15530598D1400B773F7 /* PBXContainerItemProxy */;
		};
		2FB5C16030598D1400B773F7 /* PBXTargetDependency */ = {
			isa = PBXTargetDependency;
			target = 2FB5C15C30598D1400B773F7 /* Pepper Recipe Importer Extension (macOS) */;
			targetProxy = 2FB5C15F30598D1400B773F7 /* PBXContainerItemProxy */;
		};
/* End PBXTargetDependency section */

/* Begin PBXVariantGroup section */
		2FB5C12830598D1300B773F7 /* Main.html */ = {
			isa = PBXVariantGroup;
			children = (
				2FB5C12930598D1300B773F7 /* Base */,
			);
			name = Main.html;
			sourceTree = "<group>";
		};
		2FB5C13C30598D1400B773F7 /* LaunchScreen.storyboard */ = {
			isa = PBXVariantGroup;
			children = (
				2FB5C13D30598D1400B773F7 /* Base */,
			);
			name = LaunchScreen.storyboard;
			sourceTree = "<group>";
		};
		2FB5C13F30598D1400B773F7 /* Main.storyboard */ = {
			isa = PBXVariantGroup;
			children = (
				2FB5C14030598D1400B773F7 /* Base */,
			);
			name = Main.storyboard;
			sourceTree = "<group>";
		};
		2FB5C14B30598D1400B773F7 /* Main.storyboard */ = {
			isa = PBXVariantGroup;
			children = (
				2FB5C14C30598D1400B773F7 /* Base */,
			);
			name = Main.storyboard;
			sourceTree = "<group>";
		};
/* End PBXVariantGroup section */

/* Begin XCBuildConfiguration section */
		2FB5C17130598D1400B773F7 /* Debug */ = {
			isa = XCBuildConfiguration;
			buildSettings = {
				ALWAYS_SEARCH_USER_PATHS = NO;
				ASSETCATALOG_COMPILER_GENERATE_SWIFT_ASSET_SYMBOL_EXTENSIONS = YES;
				CLANG_ANALYZER_NONNULL = YES;
				CLANG_ANALYZER_NUMBER_OBJECT_CONVERSION = YES_AGGRESSIVE;
				CLANG_CXX_LANGUAGE_STANDARD = "gnu++20";
				CLANG_ENABLE_MODULES = YES;
				CLANG_ENABLE_OBJC_ARC = YES;
				CLANG_ENABLE_OBJC_WEAK = YES;
				CLANG_WARN_BLOCK_CAPTURE_AUTORELEASING = YES;
				CLANG_WARN_BOOL_CONVERSION = YES;
				CLANG_WARN_COMMA = YES;
				CLANG_WARN_CONSTANT_CONVERSION = YES;
				CLANG_WARN_DEPRECATED_OBJC_IMPLEMENTATIONS = YES;
				CLANG_WARN_DIRECT_OBJC_ISA_USAGE = YES_ERROR;
				CLANG_WARN_DOCUMENTATION_COMMENTS = YES;
				CLANG_WARN_EMPTY_BODY = YES;
				CLANG_WARN_ENUM_CONVERSION = YES;
				CLANG_WARN_INFINITE_RECURSION = YES;
				CLANG_WARN_INT_CONVERSION = YES;
				CLANG_WARN_NON_LITERAL_NULL_CONVERSION = YES;
				CLANG_WARN_OBJC_IMPLICIT_RETAIN_SELF = YES;
				CLANG_WARN_OBJC_LITERAL_CONVERSION = YES;
				CLANG_WARN_OBJC_ROOT_CLASS = YES_ERROR;
				CLANG_WARN_QUOTED_INCLUDE_IN_FRAMEWORK_HEADER = YES;
				CLANG_WARN_RANGE_LOOP_ANALYSIS = YES;
				CLANG_WARN_STRICT_PROTOTYPES = YES;
				CLANG_WARN_SUSPICIOUS_MOVE = YES;
				CLANG_WARN_UNGUARDED_AVAILABILITY = YES_AGGRESSIVE;
				CLANG_WARN_UNREACHABLE_CODE = YES;
				CLANG_WARN__DUPLICATE_METHOD_MATCH = YES;
				COPY_PHASE_STRIP = NO;
				DEBUG_INFORMATION_FORMAT = dwarf;
				ENABLE_STRICT_OBJC_MSGSEND = YES;
				ENABLE_TESTABILITY = YES;
				ENABLE_USER_SCRIPT_SANDBOXING = YES;
				GCC_C_LANGUAGE_STANDARD = gnu17;
				GCC_DYNAMIC_NO_PIC = NO;
				GCC_NO_COMMON_BLOCKS = YES;
				GCC_OPTIMIZATION_LEVEL = 0;
				GCC_PREPROCESSOR_DEFINITIONS = (
					"DEBUG=1",
					"$(inherited)",
				);
				GCC_WARN_64_TO_32_BIT_CONVERSION = YES;
				GCC_WARN_ABOUT_RETURN_TYPE = YES_ERROR;
				GCC_WARN_UNDECLARED_SELECTOR = YES;
				GCC_WARN_UNINITIALIZED_AUTOS = YES_AGGRESSIVE;
				GCC_WARN_UNUSED_FUNCTION = YES;
				GCC_WARN_UNUSED_VARIABLE = YES;
				LOCALIZATION_PREFERS_STRING_CATALOGS = YES;
				MTL_ENABLE_DEBUG_INFO = INCLUDE_SOURCE;
				MTL_FAST_MATH = YES;
				ONLY_ACTIVE_ARCH = YES;
				SWIFT_ACTIVE_COMPILATION_CONDITIONS = "DEBUG $(inherited)";
				SWIFT_OPTIMIZATION_LEVEL = "-Onone";
			};
			name = Debug;
		};
		2FB5C17230598D1400B773F7 /* Release */ = {
			isa = XCBuildConfiguration;
			buildSettings = {
				ALWAYS_SEARCH_USER_PATHS = NO;
				ASSETCATALOG_COMPILER_GENERATE_SWIFT_ASSET_SYMBOL_EXTENSIONS = YES;
				CLANG_ANALYZER_NONNULL = YES;
				CLANG_ANALYZER_NUMBER_OBJECT_CONVERSION = YES_AGGRESSIVE;
				CLANG_CXX_LANGUAGE_STANDARD = "gnu++20";
				CLANG_ENABLE_MODULES = YES;
				CLANG_ENABLE_OBJC_ARC = YES;
				CLANG_ENABLE_OBJC_WEAK = YES;
				CLANG_WARN_BLOCK_CAPTURE_AUTORELEASING = YES;
				CLANG_WARN_BOOL_CONVERSION = YES;
				CLANG_WARN_COMMA = YES;
				CLANG_WARN_CONSTANT_CONVERSION = YES;
				CLANG_WARN_DEPRECATED_OBJC_IMPLEMENTATIONS = YES;
				CLANG_WARN_DIRECT_OBJC_ISA_USAGE = YES_ERROR;
				CLANG_WARN_DOCUMENTATION_COMMENTS = YES;
				CLANG_WARN_EMPTY_BODY = YES;
				CLANG_WARN_ENUM_CONVERSION = YES;
				CLANG_WARN_INFINITE_RECURSION = YES;
				CLANG_WARN_INT_CONVERSION = YES;
				CLANG_WARN_NON_LITERAL_NULL_CONVERSION = YES;
				CLANG_WARN_OBJC_IMPLICIT_RETAIN_SELF = YES;
				CLANG_WARN_OBJC_LITERAL_CONVERSION = YES;
				CLANG_WARN_OBJC_ROOT_CLASS = YES_ERROR;
				CLANG_WARN_QUOTED_INCLUDE_IN_FRAMEWORK_HEADER = YES;
				CLANG_WARN_RANGE_LOOP_ANALYSIS = YES;
				CLANG_WARN_STRICT_PROTOTYPES = YES;
				CLANG_WARN_SUSPICIOUS_MOVE = YES;
				CLANG_WARN_UNGUARDED_AVAILABILITY = YES_AGGRESSIVE;
				CLANG_WARN_UNREACHABLE_CODE = YES;
				CLANG_WARN__DUPLICATE_METHOD_MATCH = YES;
				COPY_PHASE_STRIP = NO;
				DEBUG_INFORMATION_FORMAT = "dwarf-with-dsym";
				ENABLE_NS_ASSERTIONS = NO;
				ENABLE_STRICT_OBJC_MSGSEND = YES;
				ENABLE_USER_SCRIPT_SANDBOXING = YES;
				GCC_C_LANGUAGE_STANDARD = gnu17;
				GCC_NO_COMMON_BLOCKS = YES;
				GCC_WARN_64_TO_32_BIT_CONVERSION = YES;
				GCC_WARN_ABOUT_RETURN_TYPE = YES_ERROR;
				GCC_WARN_UNDECLARED_SELECTOR = YES;
				GCC_WARN_UNINITIALIZED_AUTOS = YES_AGGRESSIVE;
				GCC_WARN_UNUSED_FUNCTION = YES;
				GCC_WARN_UNUSED_VARIABLE = YES;
				LOCALIZATION_PREFERS_STRING_CATALOGS = YES;
				MTL_ENABLE_DEBUG_INFO = NO;
				MTL_FAST_MATH = YES;
				SWIFT_COMPILATION_MODE = wholemodule;
			};
			name = Release;
		};
		2FB5C17430598D1400B773F7 /* Debug */ = {
			isa = XCBuildConfiguration;
			buildSettings = {
				CODE_SIGN_STYLE = Automatic;
				CURRENT_PROJECT_VERSION = 1;
				GENERATE_INFOPLIST_FILE = YES;
				INFOPLIST_FILE = "iOS (Extension)/Info.plist";
				INFOPLIST_KEY_CFBundleDisplayName = "Pepper Recipe Importer Extension";
				INFOPLIST_KEY_NSHumanReadableCopyright = "";
				IPHONEOS_DEPLOYMENT_TARGET = 15.0;
				LD_RUNPATH_SEARCH_PATHS = (
					"$(inherited)",
					"@executable_path/Frameworks",
					"@executable_path/../../Frameworks",
				);
				MARKETING_VERSION = 1.0;
				OTHER_LDFLAGS = (
					"-framework",
					SafariServices,
				);
				PRODUCT_BUNDLE_IDENTIFIER = com.peppertheapp.PepperRecipeImporter.Extension;
				PRODUCT_NAME = "Pepper Recipe Importer Extension";
				SDKROOT = iphoneos;
				SKIP_INSTALL = YES;
				STRING_CATALOG_GENERATE_SYMBOLS = YES;
				SWIFT_APPROACHABLE_CONCURRENCY = YES;
				SWIFT_EMIT_LOC_STRINGS = YES;
				SWIFT_UPCOMING_FEATURE_MEMBER_IMPORT_VISIBILITY = YES;
				SWIFT_VERSION = 5.0;
				TARGETED_DEVICE_FAMILY = "1,2";
			};
			name = Debug;
		};
		2FB5C17530598D1400B773F7 /* Release */ = {
			isa = XCBuildConfiguration;
			buildSettings = {
				CODE_SIGN_STYLE = Automatic;
				CURRENT_PROJECT_VERSION = 1;
				GENERATE_INFOPLIST_FILE = YES;
				INFOPLIST_FILE = "iOS (Extension)/Info.plist";
				INFOPLIST_KEY_CFBundleDisplayName = "Pepper Recipe Importer Extension";
				INFOPLIST_KEY_NSHumanReadableCopyright = "";
				IPHONEOS_DEPLOYMENT_TARGET = 15.0;
				LD_RUNPATH_SEARCH_PATHS = (
					"$(inherited)",
					"@executable_path/Frameworks",
					"@executable_path/../../Frameworks",
				);
				MARKETING_VERSION = 1.0;
				OTHER_LDFLAGS = (
					"-framework",
					SafariServices,
				);
				PRODUCT_BUNDLE_IDENTIFIER = com.peppertheapp.PepperRecipeImporter.Extension;
				PRODUCT_NAME = "Pepper Recipe Importer Extension";
				SDKROOT = iphoneos;
				SKIP_INSTALL = YES;
				STRING_CATALOG_GENERATE_SYMBOLS = YES;
				SWIFT_APPROACHABLE_CONCURRENCY = YES;
				SWIFT_EMIT_LOC_STRINGS = YES;
				SWIFT_UPCOMING_FEATURE_MEMBER_IMPORT_VISIBILITY = YES;
				SWIFT_VERSION = 5.0;
				TARGETED_DEVICE_FAMILY = "1,2";
				VALIDATE_PRODUCT = YES;
			};
			name = Release;
		};
		2FB5C17830598D1400B773F7 /* Debug */ = {
			isa = XCBuildConfiguration;
			buildSettings = {
				ASSETCATALOG_COMPILER_APPICON_NAME = AppIcon;
				ASSETCATALOG_COMPILER_GLOBAL_ACCENT_COLOR_NAME = AccentColor;
				CODE_SIGN_STYLE = Automatic;
				CURRENT_PROJECT_VERSION = 1;
				GENERATE_INFOPLIST_FILE = YES;
				INFOPLIST_FILE = "iOS (App)/Info.plist";
				INFOPLIST_KEY_CFBundleDisplayName = "Pepper Recipe Importer";
				INFOPLIST_KEY_UIApplicationSupportsIndirectInputEvents = YES;
				INFOPLIST_KEY_UILaunchStoryboardName = LaunchScreen;
				INFOPLIST_KEY_UIMainStoryboardFile = Main;
				INFOPLIST_KEY_UISupportedInterfaceOrientations = "UIInterfaceOrientationPortrait UIInterfaceOrientationLandscapeLeft UIInterfaceOrientationLandscapeRight";
				INFOPLIST_KEY_UISupportedInterfaceOrientations_iPad = "UIInterfaceOrientationPortrait UIInterfaceOrientationPortraitUpsideDown UIInterfaceOrientationLandscapeLeft UIInterfaceOrientationLandscapeRight";
				IPHONEOS_DEPLOYMENT_TARGET = 15.0;
				LD_RUNPATH_SEARCH_PATHS = (
					"$(inherited)",
					"@executable_path/Frameworks",
				);
				MARKETING_VERSION = 1.0;
				OTHER_LDFLAGS = (
					"-framework",
					SafariServices,
					"-framework",
					WebKit,
				);
				PRODUCT_BUNDLE_IDENTIFIER = com.peppertheapp.PepperRecipeImporter;
				PRODUCT_NAME = "Pepper Recipe Importer";
				SDKROOT = iphoneos;
				STRING_CATALOG_GENERATE_SYMBOLS = YES;
				SWIFT_APPROACHABLE_CONCURRENCY = YES;
				SWIFT_DEFAULT_ACTOR_ISOLATION = MainActor;
				SWIFT_EMIT_LOC_STRINGS = YES;
				SWIFT_UPCOMING_FEATURE_MEMBER_IMPORT_VISIBILITY = YES;
				SWIFT_VERSION = 5.0;
				TARGETED_DEVICE_FAMILY = "1,2";
			};
			name = Debug;
		};
		2FB5C17930598D1400B773F7 /* Release */ = {
			isa = XCBuildConfiguration;
			buildSettings = {
				ASSETCATALOG_COMPILER_APPICON_NAME = AppIcon;
				ASSETCATALOG_COMPILER_GLOBAL_ACCENT_COLOR_NAME = AccentColor;
				CODE_SIGN_STYLE = Automatic;
				CURRENT_PROJECT_VERSION = 1;
				GENERATE_INFOPLIST_FILE = YES;
				INFOPLIST_FILE = "iOS (App)/Info.plist";
				INFOPLIST_KEY_CFBundleDisplayName = "Pepper Recipe Importer";
				INFOPLIST_KEY_UIApplicationSupportsIndirectInputEvents = YES;
				INFOPLIST_KEY_UILaunchStoryboardName = LaunchScreen;
				INFOPLIST_KEY_UIMainStoryboardFile = Main;
				INFOPLIST_KEY_UISupportedInterfaceOrientations = "UIInterfaceOrientationPortrait UIInterfaceOrientationLandscapeLeft UIInterfaceOrientationLandscapeRight";
				INFOPLIST_KEY_UISupportedInterfaceOrientations_iPad = "UIInterfaceOrientationPortrait UIInterfaceOrientationPortraitUpsideDown UIInterfaceOrientationLandscapeLeft UIInterfaceOrientationLandscapeRight";
				IPHONEOS_DEPLOYMENT_TARGET = 15.0;
				LD_RUNPATH_SEARCH_PATHS = (
					"$(inherited)",
					"@executable_path/Frameworks",
				);
				MARKETING_VERSION = 1.0;
				OTHER_LDFLAGS = (
					"-framework",
					SafariServices,
					"-framework",
					WebKit,
				);
				PRODUCT_BUNDLE_IDENTIFIER = com.peppertheapp.PepperRecipeImporter;
				PRODUCT_NAME = "Pepper Recipe Importer";
				SDKROOT = iphoneos;
				STRING_CATALOG_GENERATE_SYMBOLS = YES;
				SWIFT_APPROACHABLE_CONCURRENCY = YES;
				SWIFT_DEFAULT_ACTOR_ISOLATION = MainActor;
				SWIFT_EMIT_LOC_STRINGS = YES;
				SWIFT_UPCOMING_FEATURE_MEMBER_IMPORT_VISIBILITY = YES;
				SWIFT_VERSION = 5.0;
				TARGETED_DEVICE_FAMILY = "1,2";
				VALIDATE_PRODUCT = YES;
			};
			name = Release;
		};
		2FB5C17B30598D1400B773F7 /* Debug */ = {
			isa = XCBuildConfiguration;
			buildSettings = {
				CODE_SIGN_STYLE = Automatic;
				CURRENT_PROJECT_VERSION = 1;
				ENABLE_APP_SANDBOX = YES;
				ENABLE_HARDENED_RUNTIME = YES;
				ENABLE_USER_SELECTED_FILES = readonly;
				GENERATE_INFOPLIST_FILE = YES;
				INFOPLIST_FILE = "macOS (Extension)/Info.plist";
				INFOPLIST_KEY_CFBundleDisplayName = "Pepper Recipe Importer Extension";
				INFOPLIST_KEY_NSHumanReadableCopyright = "";
				LD_RUNPATH_SEARCH_PATHS = (
					"$(inherited)",
					"@executable_path/../Frameworks",
					"@executable_path/../../../../Frameworks",
				);
				MACOSX_DEPLOYMENT_TARGET = 10.14;
				MARKETING_VERSION = 1.0;
				OTHER_LDFLAGS = (
					"-framework",
					SafariServices,
				);
				PRODUCT_BUNDLE_IDENTIFIER = com.peppertheapp.PepperRecipeImporter.Extension;
				PRODUCT_NAME = "Pepper Recipe Importer Extension";
				SDKROOT = macosx;
				SKIP_INSTALL = YES;
				STRING_CATALOG_GENERATE_SYMBOLS = YES;
				SWIFT_APPROACHABLE_CONCURRENCY = YES;
				SWIFT_EMIT_LOC_STRINGS = YES;
				SWIFT_UPCOMING_FEATURE_MEMBER_IMPORT_VISIBILITY = YES;
				SWIFT_VERSION = 5.0;
			};
			name = Debug;
		};
		2FB5C17C30598D1400B773F7 /* Release */ = {
			isa = XCBuildConfiguration;
			buildSettings = {
				CODE_SIGN_STYLE = Automatic;
				CURRENT_PROJECT_VERSION = 1;
				ENABLE_APP_SANDBOX = YES;
				ENABLE_HARDENED_RUNTIME = YES;
				ENABLE_USER_SELECTED_FILES = readonly;
				GENERATE_INFOPLIST_FILE = YES;
				INFOPLIST_FILE = "macOS (Extension)/Info.plist";
				INFOPLIST_KEY_CFBundleDisplayName = "Pepper Recipe Importer Extension";
				INFOPLIST_KEY_NSHumanReadableCopyright = "";
				LD_RUNPATH_SEARCH_PATHS = (
					"$(inherited)",
					"@executable_path/../Frameworks",
					"@executable_path/../../../../Frameworks",
				);
				MACOSX_DEPLOYMENT_TARGET = 10.14;
				MARKETING_VERSION = 1.0;
				OTHER_LDFLAGS = (
					"-framework",
					SafariServices,
				);
				PRODUCT_BUNDLE_IDENTIFIER = com.peppertheapp.PepperRecipeImporter.Extension;
				PRODUCT_NAME = "Pepper Recipe Importer Extension";
				SDKROOT = macosx;
				SKIP_INSTALL = YES;
				STRING_CATALOG_GENERATE_SYMBOLS = YES;
				SWIFT_APPROACHABLE_CONCURRENCY = YES;
				SWIFT_EMIT_LOC_STRINGS = YES;
				SWIFT_UPCOMING_FEATURE_MEMBER_IMPORT_VISIBILITY = YES;
				SWIFT_VERSION = 5.0;
			};
			name = Release;
		};
		2FB5C17F30598D1400B773F7 /* Debug */ = {
			isa = XCBuildConfiguration;
			buildSettings = {
				ASSETCATALOG_COMPILER_APPICON_NAME = AppIcon;
				ASSETCATALOG_COMPILER_GLOBAL_ACCENT_COLOR_NAME = AccentColor;
				CODE_SIGN_STYLE = Automatic;
				CURRENT_PROJECT_VERSION = 1;
				ENABLE_APP_SANDBOX = YES;
				ENABLE_HARDENED_RUNTIME = YES;
				ENABLE_OUTGOING_NETWORK_CONNECTIONS = YES;
				ENABLE_USER_SELECTED_FILES = readonly;
				GENERATE_INFOPLIST_FILE = YES;
				INFOPLIST_FILE = "macOS (App)/Info.plist";
				INFOPLIST_KEY_CFBundleDisplayName = "Pepper Recipe Importer";
				INFOPLIST_KEY_NSMainStoryboardFile = Main;
				INFOPLIST_KEY_NSPrincipalClass = NSApplication;
				LD_RUNPATH_SEARCH_PATHS = (
					"$(inherited)",
					"@executable_path/../Frameworks",
				);
				MACOSX_DEPLOYMENT_TARGET = 10.14;
				MARKETING_VERSION = 1.0;
				OTHER_LDFLAGS = (
					"-framework",
					SafariServices,
					"-framework",
					WebKit,
				);
				PRODUCT_BUNDLE_IDENTIFIER = com.peppertheapp.PepperRecipeImporter;
				PRODUCT_NAME = "Pepper Recipe Importer";
				REGISTER_APP_GROUPS = YES;
				SDKROOT = macosx;
				STRING_CATALOG_GENERATE_SYMBOLS = YES;
				SWIFT_APPROACHABLE_CONCURRENCY = YES;
				SWIFT_DEFAULT_ACTOR_ISOLATION = MainActor;
				SWIFT_EMIT_LOC_STRINGS = YES;
				SWIFT_UPCOMING_FEATURE_MEMBER_IMPORT_VISIBILITY = YES;
				SWIFT_VERSION = 5.0;
			};
			name = Debug;
		};
		2FB5C18030598D1400B773F7 /* Release */ = {
			isa = XCBuildConfiguration;
			buildSettings = {
				ASSETCATALOG_COMPILER_APPICON_NAME = AppIcon;
				ASSETCATALOG_COMPILER_GLOBAL_ACCENT_COLOR_NAME = AccentColor;
				CODE_SIGN_STYLE = Automatic;
				CURRENT_PROJECT_VERSION = 1;
				ENABLE_APP_SANDBOX = YES;
				ENABLE_HARDENED_RUNTIME = YES;
				ENABLE_OUTGOING_NETWORK_CONNECTIONS = YES;
				ENABLE_USER_SELECTED_FILES = readonly;
				GENERATE_INFOPLIST_FILE = YES;
				INFOPLIST_FILE = "macOS (App)/Info.plist";
				INFOPLIST_KEY_CFBundleDisplayName = "Pepper Recipe Importer";
				INFOPLIST_KEY_NSMainStoryboardFile = Main;
				INFOPLIST_KEY_NSPrincipalClass = NSApplication;
				LD_RUNPATH_SEARCH_PATHS = (
					"$(inherited)",
					"@executable_path/../Frameworks",
				);
				MACOSX_DEPLOYMENT_TARGET = 10.14;
				MARKETING_VERSION = 1.0;
				OTHER_LDFLAGS = (
					"-framework",
					SafariServices,
					"-framework",
					WebKit,
				);
				PRODUCT_BUNDLE_IDENTIFIER = com.peppertheapp.PepperRecipeImporter;
				PRODUCT_NAME = "Pepper Recipe Importer";
				REGISTER_APP_GROUPS = YES;
				SDKROOT = macosx;
				STRING_CATALOG_GENERATE_SYMBOLS = YES;
				SWIFT_APPROACHABLE_CONCURRENCY = YES;
				SWIFT_DEFAULT_ACTOR_ISOLATION = MainActor;
				SWIFT_EMIT_LOC_STRINGS = YES;
				SWIFT_UPCOMING_FEATURE_MEMBER_IMPORT_VISIBILITY = YES;
				SWIFT_VERSION = 5.0;
			};
			name = Release;
		};
/* End XCBuildConfiguration section */

/* Begin XCConfigurationList section */
		2FB5C12530598D1300B773F7 /* Build configuration list for PBXProject "Pepper Recipe Importer" */ = {
			isa = XCConfigurationList;
			buildConfigurations = (
				2FB5C17130598D1400B773F7 /* Debug */,
				2FB5C17230598D1400B773F7 /* Release */,
			);
			defaultConfigurationIsVisible = 0;
			defaultConfigurationName = Release;
		};
		2FB5C17330598D1400B773F7 /* Build configuration list for PBXNativeTarget "Pepper Recipe Importer Extension (iOS)" */ = {
			isa = XCConfigurationList;
			buildConfigurations = (
				2FB5C17430598D1400B773F7 /* Debug */,
				2FB5C17530598D1400B773F7 /* Release */,
			);
			defaultConfigurationIsVisible = 0;
			defaultConfigurationName = Release;
		};
		2FB5C17730598D1400B773F7 /* Build configuration list for PBXNativeTarget "Pepper Recipe Importer (iOS)" */ = {
			isa = XCConfigurationList;
			buildConfigurations = (
				2FB5C17830598D1400B773F7 /* Debug */,
				2FB5C17930598D1400B773F7 /* Release */,
			);
			defaultConfigurationIsVisible = 0;
			defaultConfigurationName = Release;
		};
		2FB5C17A30598D1400B773F7 /* Build configuration list for PBXNativeTarget "Pepper Recipe Importer Extension (macOS)" */ = {
			isa = XCConfigurationList;
			buildConfigurations = (
				2FB5C17B30598D1400B773F7 /* Debug */,
				2FB5C17C30598D1400B773F7 /* Release */,
			);
			defaultConfigurationIsVisible = 0;
			defaultConfigurationName = Release;
		};
		2FB5C17E30598D1400B773F7 /* Build configuration list for PBXNativeTarget "Pepper Recipe Importer (macOS)" */ = {
			isa = XCConfigurationList;
			buildConfigurations = (
				2FB5C17F30598D1400B773F7 /* Debug */,
				2FB5C18030598D1400B773F7 /* Release */,
			);
			defaultConfigurationIsVisible = 0;
			defaultConfigurationName = Release;
		};
/* End XCConfigurationList section */
	};
	rootObject = 2FB5C12230598D1300B773F7 /* Project object */;
}
